dependencies:
- name: postgresql
  repository: oci://registry-1.docker.io/bitnamicharts
  version: 16.7.5
- name: redis
  repository: oci://registry-1.docker.io/bitnamicharts
  version: 18.19.4
- name: common
  repository: oci://registry-1.docker.io/bitnamicharts
  version: 2.31.1
digest: sha256:7ff1714e22aa70a5a5f494752943751c19b696bef51fc4a2c31ca9d95ffa3828
generated: "2025-05-29T10:47:25.591693+03:00"
