dependencies:
- name: postgresql
  repository: oci://registry-1.docker.io/bitnamicharts
  version: 16.7.26
- name: redis
  repository: oci://registry-1.docker.io/bitnamicharts
  version: 18.19.4
- name: common
  repository: oci://registry-1.docker.io/bitnamicharts
  version: 2.31.4
digest: sha256:6b6d8e5385b8196dbb77ccafaa8c667bdbebbb065e6f6bac0f12ca10988a04b6
generated: "2025-08-21T17:32:56.028643+07:00"
